version = 1
revision = 3
requires-python = ">=3.12"

[[package]]
name = "onto-python"
version = "0.1.0"
source = { editable = "." }
dependencies = [
    { name = "owlready2" },
]

[package.metadata]
requires-dist = [{ name = "owlready2", specifier = ">=0.51" }]

[[package]]
name = "owlready2"
version = "0.51"
source = { registry = "https://pypi.org/simple" }
sdist = { url = "https://files.pythonhosted.org/packages/c5/46/27a21b73ab3cf85ed8b09fdfeda1cc6abcee715d3435eca543495ef79539/owlready2-0.51.tar.gz", hash = "sha256:65adebc79ff6abdd2a0bde8d3aac21c6beed8699bf1e7c849d30eba9c513795e", size = 27435504, upload-time = "2026-06-22T10:51:38.882Z" }
